// !$*UTF8*$!
{
	archiveVersion = 1;
	classes = {
	};
	objectVersion = 55;
	objects = {

/* Begin PBXBuildFile section */
		4744EBF82881A5C500D39CE1 /* NetworkManager.swift in Sources */ = {isa = PBXBuildFile; fileRef = 4744EBF72881A5C400D39CE1 /* NetworkManager.swift */; };
		4747D8962882C64100771721 /* PostsModel.swift in Sources */ = {isa = PBXBuildFile; fileRef = 4747D8952882C64100771721 /* PostsModel.swift */; };
		4747D8982882C65000771721 /* SinglePostModel.swift in Sources */ = {isa = PBXBuildFile; fileRef = 4747D8972882C65000771721 /* SinglePostModel.swift */; };
		475CDDC8287C4B95006E7879 /* AppDelegate.swift in Sources */ = {isa = PBXBuildFile; fileRef = 475CDDC7287C4B95006E7879 /* AppDelegate.swift */; };
		475CDDCA287C4B95006E7879 /* SceneDelegate.swift in Sources */ = {isa = PBXBuildFile; fileRef = 475CDDC9287C4B95006E7879 /* SceneDelegate.swift */; };
		475CDDCC287C4B95006E7879 /* MainViewController.swift in Sources */ = {isa = PBXBuildFile; fileRef = 475CDDCB287C4B95006E7879 /* MainViewController.swift */; };
		475CDDD1287C4B96006E7879 /* Assets.xcassets in Resources */ = {isa = PBXBuildFile; fileRef = 475CDDD0287C4B96006E7879 /* Assets.xcassets */; };
		475CDDD4287C4B96006E7879 /* LaunchScreen.storyboard in Resources */ = {isa = PBXBuildFile; fileRef = 475CDDD2287C4B96006E7879 /* LaunchScreen.storyboard */; };
		475CDDE0287C5024006E7879 /* .gitignore in Resources */ = {isa = PBXBuildFile; fileRef = 475CDDDF287C5024006E7879 /* .gitignore */; };
		4760491E287F376100715019 /* DetailsViewController.swift in Sources */ = {isa = PBXBuildFile; fileRef = 4760491D287F376100715019 /* DetailsViewController.swift */; };
		479C35FC287C6DAE00138219 /* CustomTableViewCell.swift in Sources */ = {isa = PBXBuildFile; fileRef = 479C35FB287C6DAE00138219 /* CustomTableViewCell.swift */; };
		479C3603287C8EFA00138219 /* SF Pro Medium.OTF in Resources */ = {isa = PBXBuildFile; fileRef = 479C3600287C8EFA00138219 /* SF Pro Medium.OTF */; };
		479C3604287C8EFA00138219 /* SF Pro Regular.OTF in Resources */ = {isa = PBXBuildFile; fileRef = 479C3601287C8EFA00138219 /* SF Pro Regular.OTF */; };
		479C3605287C8EFA00138219 /* SF Pro Bold.OTF in Resources */ = {isa = PBXBuildFile; fileRef = 479C3602287C8EFA00138219 /* SF Pro Bold.OTF */; };
/* End PBXBuildFile section */

/* Begin PBXFileReference section */
		4744EBF72881A5C400D39CE1 /* NetworkManager.swift */ = {isa = PBXFileReference; lastKnownFileType = sourcecode.swift; path = NetworkManager.swift; sourceTree = "<group>"; };
		4747D8952882C64100771721 /* PostsModel.swift */ = {isa = PBXFileReference; lastKnownFileType = sourcecode.swift; path = PostsModel.swift; sourceTree = "<group>"; };
		4747D8972882C65000771721 /* SinglePostModel.swift */ = {isa = PBXFileReference; lastKnownFileType = sourcecode.swift; path = SinglePostModel.swift; sourceTree = "<group>"; };
		475CDDC4287C4B95006E7879 /* NatifeTestTask.app */ = {isa = PBXFileReference; explicitFileType = wrapper.application; includeInIndex = 0; path = NatifeTestTask.app; sourceTree = BUILT_PRODUCTS_DIR; };
		475CDDC7287C4B95006E7879 /* AppDelegate.swift */ = {isa = PBXFileReference; lastKnownFileType = sourcecode.swift; path = AppDelegate.swift; sourceTree = "<group>"; };
		475CDDC9287C4B95006E7879 /* SceneDelegate.swift */ = {isa = PBXFileReference; lastKnownFileType = sourcecode.swift; path = SceneDelegate.swift; sourceTree = "<group>"; };
		475CDDCB287C4B95006E7879 /* MainViewController.swift */ = {isa = PBXFileReference; lastKnownFileType = sourcecode.swift; path = MainViewController.swift; sourceTree = "<group>"; };
		475CDDD0287C4B96006E7879 /* Assets.xcassets */ = {isa = PBXFileReference; lastKnownFileType = folder.assetcatalog; path = Assets.xcassets; sourceTree = "<group>"; };
		475CDDD3287C4B96006E7879 /* Base */ = {isa = PBXFileReference; lastKnownFileType = file.storyboard; name = Base; path = Base.lproj/LaunchScreen.storyboard; sourceTree = "<group>"; };
		475CDDD5287C4B96006E7879 /* Info.plist */ = {isa = PBXFileReference; lastKnownFileType = text.plist.xml; path = Info.plist; sourceTree = "<group>"; };
		475CDDDF287C5024006E7879 /* .gitignore */ = {isa = PBXFileReference; lastKnownFileType = text; path = .gitignore; sourceTree = "<group>"; };
		4760491D287F376100715019 /* DetailsViewController.swift */ = {isa = PBXFileReference; lastKnownFileType = sourcecode.swift; path = DetailsViewController.swift; sourceTree = "<group>"; };
		479C35FB287C6DAE00138219 /* CustomTableViewCell.swift */ = {isa = PBXFileReference; lastKnownFileType = sourcecode.swift; path = CustomTableViewCell.swift; sourceTree = "<group>"; };
		479C3600287C8EFA00138219 /* SF Pro Medium.OTF */ = {isa = PBXFileReference; lastKnownFileType = file; path = "SF Pro Medium.OTF"; sourceTree = "<group>"; };
		479C3601287C8EFA00138219 /* SF Pro Regular.OTF */ = {isa = PBXFileReference; lastKnownFileType = file; path = "SF Pro Regular.OTF"; sourceTree = "<group>"; };
		479C3602287C8EFA00138219 /* SF Pro Bold.OTF */ = {isa = PBXFileReference; lastKnownFileType = file; path = "SF Pro Bold.OTF"; sourceTree = "<group>"; };
/* End PBXFileReference section */

/* Begin PBXFrameworksBuildPhase section */
		475CDDC1287C4B95006E7879 /* Frameworks */ = {
			isa = PBXFrameworksBuildPhase;
			buildActionMask = 2147483647;
			files = (
			);
			runOnlyForDeploymentPostprocessing = 0;
		};
/* End PBXFrameworksBuildPhase section */

/* Begin PBXGroup section */
		475CDDBB287C4B95006E7879 = {
			isa = PBXGroup;
			children = (
				475CDDC6287C4B95006E7879 /* NatifeTestTask */,
				475CDDC5287C4B95006E7879 /* Products */,
			);
			sourceTree = "<group>";
		};
		475CDDC5287C4B95006E7879 /* Products */ = {
			isa = PBXGroup;
			children = (
				475CDDC4287C4B95006E7879 /* NatifeTestTask.app */,
			);
			name = Products;
			sourceTree = "<group>";
		};
		475CDDC6287C4B95006E7879 /* NatifeTestTask */ = {
			isa = PBXGroup;
			children = (
				4760491F287F3F4D00715019 /* NetworkManager */,
				475CDDDE287C4EFA006E7879 /* Resources */,
				475CDDDD287C4EF4006E7879 /* Views */,
				475CDDDC287C4EEC006E7879 /* ViewControllers */,
				475CDDDB287C4EE2006E7879 /* App */,
			);
			path = NatifeTestTask;
			sourceTree = "<group>";
		};
		475CDDDB287C4EE2006E7879 /* App */ = {
			isa = PBXGroup;
			children = (
				475CDDC7287C4B95006E7879 /* AppDelegate.swift */,
				475CDDC9287C4B95006E7879 /* SceneDelegate.swift */,
				475CDDD2287C4B96006E7879 /* LaunchScreen.storyboard */,
			);
			path = App;
			sourceTree = "<group>";
		};
		475CDDDC287C4EEC006E7879 /* ViewControllers */ = {
			isa = PBXGroup;
			children = (
				475CDDCB287C4B95006E7879 /* MainViewController.swift */,
				4760491D287F376100715019 /* DetailsViewController.swift */,
			);
			path = ViewControllers;
			sourceTree = "<group>";
		};
		475CDDDD287C4EF4006E7879 /* Views */ = {
			isa = PBXGroup;
			children = (
				479C35FD287C6DB300138219 /* Cells */,
			);
			path = Views;
			sourceTree = "<group>";
		};
		475CDDDE287C4EFA006E7879 /* Resources */ = {
			isa = PBXGroup;
			children = (
				479C35FF287C8EC500138219 /* Fonts */,
				475CDDDF287C5024006E7879 /* .gitignore */,
				475CDDD0287C4B96006E7879 /* Assets.xcassets */,
				475CDDD5287C4B96006E7879 /* Info.plist */,
			);
			path = Resources;
			sourceTree = "<group>";
		};
		4760491F287F3F4D00715019 /* NetworkManager */ = {
			isa = PBXGroup;
			children = (
				4744EBF72881A5C400D39CE1 /* NetworkManager.swift */,
				4747D8952882C64100771721 /* PostsModel.swift */,
				4747D8972882C65000771721 /* SinglePostModel.swift */,
			);
			path = NetworkManager;
			sourceTree = "<group>";
		};
		479C35FD287C6DB300138219 /* Cells */ = {
			isa = PBXGroup;
			children = (
				479C35FB287C6DAE00138219 /* CustomTableViewCell.swift */,
			);
			path = Cells;
			sourceTree = "<group>";
		};
		479C35FF287C8EC500138219 /* Fonts */ = {
			isa = PBXGroup;
			children = (
				479C3602287C8EFA00138219 /* SF Pro Bold.OTF */,
				479C3600287C8EFA00138219 /* SF Pro Medium.OTF */,
				479C3601287C8EFA00138219 /* SF Pro Regular.OTF */,
			);
			path = Fonts;
			sourceTree = "<group>";
		};
/* End PBXGroup section */

/* Begin PBXNativeTarget section */
		475CDDC3287C4B95006E7879 /* NatifeTestTask */ = {
			isa = PBXNativeTarget;
			buildConfigurationList = 475CDDD8287C4B96006E7879 /* Build configuration list for PBXNativeTarget "NatifeTestTask" */;
			buildPhases = (
				475CDDC0287C4B95006E7879 /* Sources */,
				475CDDC1287C4B95006E7879 /* Frameworks */,
				475CDDC2287C4B95006E7879 /* Resources */,
			);
			buildRules = (
			);
			dependencies = (
			);
			name = NatifeTestTask;
			productName = NatifeTestTask;
			productReference = 475CDDC4287C4B95006E7879 /* NatifeTestTask.app */;
			productType = "com.apple.product-type.application";
		};
/* End PBXNativeTarget section */

/* Begin PBXProject section */
		475CDDBC287C4B95006E7879 /* Project object */ = {
			isa = PBXProject;
			attributes = {
				BuildIndependentTargetsInParallel = 1;
				LastSwiftUpdateCheck = 1340;
				LastUpgradeCheck = 1340;
				TargetAttributes = {
					475CDDC3287C4B95006E7879 = {
						CreatedOnToolsVersion = 13.4.1;
					};
				};
			};
			buildConfigurationList = 475CDDBF287C4B95006E7879 /* Build configuration list for PBXProject "NatifeTestTask" */;
			compatibilityVersion = "Xcode 13.0";
			developmentRegion = en;
			hasScannedForEncodings = 0;
			knownRegions = (
				en,
				Base,
			);
			mainGroup = 475CDDBB287C4B95006E7879;
			productRefGroup = 475CDDC5287C4B95006E7879 /* Products */;
			projectDirPath = "";
			projectRoot = "";
			targets = (
				475CDDC3287C4B95006E7879 /* NatifeTestTask */,
			);
		};
/* End PBXProject section */

/* Begin PBXResourcesBuildPhase section */
		475CDDC2287C4B95006E7879 /* Resources */ = {
			isa = PBXResourcesBuildPhase;
			buildActionMask = 2147483647;
			files = (
				475CDDD4287C4B96006E7879 /* LaunchScreen.storyboard in Resources */,
				475CDDE0287C5024006E7879 /* .gitignore in Resources */,
				479C3603287C8EFA00138219 /* SF Pro Medium.OTF in Resources */,
				479C3604287C8EFA00138219 /* SF Pro Regular.OTF in Resources */,
				479C3605287C8EFA00138219 /* SF Pro Bold.OTF in Resources */,
				475CDDD1287C4B96006E7879 /* Assets.xcassets in Resources */,
			);
			runOnlyForDeploymentPostprocessing = 0;
		};
/* End PBXResourcesBuildPhase section */

/* Begin PBXSourcesBuildPhase section */
		475CDDC0287C4B95006E7879 /* Sources */ = {
			isa = PBXSourcesBuildPhase;
			buildActionMask = 2147483647;
			files = (
				475CDDCC287C4B95006E7879 /* MainViewController.swift in Sources */,
				4747D8962882C64100771721 /* PostsModel.swift in Sources */,
				475CDDC8287C4B95006E7879 /* AppDelegate.swift in Sources */,
				4747D8982882C65000771721 /* SinglePostModel.swift in Sources */,
				479C35FC287C6DAE00138219 /* CustomTableViewCell.swift in Sources */,
				4744EBF82881A5C500D39CE1 /* NetworkManager.swift in Sources */,
				475CDDCA287C4B95006E7879 /* SceneDelegate.swift in Sources */,
				4760491E287F376100715019 /* DetailsViewController.swift in Sources */,
			);
			runOnlyForDeploymentPostprocessing = 0;
		};
/* End PBXSourcesBuildPhase section */

/* Begin PBXVariantGroup section */
		475CDDD2287C4B96006E7879 /* LaunchScreen.storyboard */ = {
			isa = PBXVariantGroup;
			children = (
				475CDDD3287C4B96006E7879 /* Base */,
			);
			name = LaunchScreen.storyboard;
			sourceTree = "<group>";
		};
/* End PBXVariantGroup section */

/* Begin XCBuildConfiguration section */
		475CDDD6287C4B96006E7879 /* Debug */ = {
			isa = XCBuildConfiguration;
			buildSettings = {
				ALWAYS_SEARCH_USER_PATHS = NO;
				CLANG_ANALYZER_NONNULL = YES;
				CLANG_ANALYZER_NUMBER_OBJECT_CONVERSION = YES_AGGRESSIVE;
				CLANG_CXX_LANGUAGE_STANDARD = "gnu++17";
				CLANG_ENABLE_MODULES = YES;
				CLANG_ENABLE_OBJC_ARC = YES;
				CLANG_ENABLE_OBJC_WEAK = YES;
				CLANG_WARN_BLOCK_CAPTURE_AUTORELEASING = YES;
				CLANG_WARN_BOOL_CONVERSION = YES;
				CLANG_WARN_COMMA = YES;
				CLANG_WARN_CONSTANT_CONVERSION = YES;
				CLANG_WARN_DEPRECATED_OBJC_IMPLEMENTATIONS = YES;
				CLANG_WARN_DIRECT_OBJC_ISA_USAGE = YES_ERROR;
				CLANG_WARN_DOCUMENTATION_COMMENTS = YES;
				CLANG_WARN_EMPTY_BODY = YES;
				CLANG_WARN_ENUM_CONVERSION = YES;
				CLANG_WARN_INFINITE_RECURSION = YES;
				CLANG_WARN_INT_CONVERSION = YES;
				CLANG_WARN_NON_LITERAL_NULL_CONVERSION = YES;
				CLANG_WARN_OBJC_IMPLICIT_RETAIN_SELF = YES;
				CLANG_WARN_OBJC_LITERAL_CONVERSION = YES;
				CLANG_WARN_OBJC_ROOT_CLASS = YES_ERROR;
				CLANG_WARN_QUOTED_INCLUDE_IN_FRAMEWORK_HEADER = YES;
				CLANG_WARN_RANGE_LOOP_ANALYSIS = YES;
				CLANG_WARN_STRICT_PROTOTYPES = YES;
				CLANG_WARN_SUSPICIOUS_MOVE = YES;
				CLANG_WARN_UNGUARDED_AVAILABILITY = YES_AGGRESSIVE;
				CLANG_WARN_UNREACHABLE_CODE = YES;
				CLANG_WARN__DUPLICATE_METHOD_MATCH = YES;
				COPY_PHASE_STRIP = NO;
				DEBUG_INFORMATION_FORMAT = dwarf;
				ENABLE_STRICT_OBJC_MSGSEND = YES;
				ENABLE_TESTABILITY = YES;
				GCC_C_LANGUAGE_STANDARD = gnu11;
				GCC_DYNAMIC_NO_PIC = NO;
				GCC_NO_COMMON_BLOCKS = YES;
				GCC_OPTIMIZATION_LEVEL = 0;
				GCC_PREPROCESSOR_DEFINITIONS = (
					"DEBUG=1",
					"$(inherited)",
				);
				GCC_WARN_64_TO_32_BIT_CONVERSION = YES;
				GCC_WARN_ABOUT_RETURN_TYPE = YES_ERROR;
				GCC_WARN_UNDECLARED_SELECTOR = YES;
				GCC_WARN_UNINITIALIZED_AUTOS = YES_AGGRESSIVE;
				GCC_WARN_UNUSED_FUNCTION = YES;
				GCC_WARN_UNUSED_VARIABLE = YES;
				IPHONEOS_DEPLOYMENT_TARGET = 14.0;
				MTL_ENABLE_DEBUG_INFO = INCLUDE_SOURCE;
				MTL_FAST_MATH = YES;
				ONLY_ACTIVE_ARCH = YES;
				SDKROOT = iphoneos;
				SWIFT_ACTIVE_COMPILATION_CONDITIONS = DEBUG;
				SWIFT_OPTIMIZATION_LEVEL = "-Onone";
			};
			name = Debug;
		};
		475CDDD7287C4B96006E7879 /* Release */ = {
			isa = XCBuildConfiguration;
			buildSettings = {
				ALWAYS_SEARCH_USER_PATHS = NO;
				CLANG_ANALYZER_NONNULL = YES;
				CLANG_ANALYZER_NUMBER_OBJECT_CONVERSION = YES_AGGRESSIVE;
				CLANG_CXX_LANGUAGE_STANDARD = "gnu++17";
				CLANG_ENABLE_MODULES = YES;
				CLANG_ENABLE_OBJC_ARC = YES;
				CLANG_ENABLE_OBJC_WEAK = YES;
				CLANG_WARN_BLOCK_CAPTURE_AUTORELEASING = YES;
				CLANG_WARN_BOOL_CONVERSION = YES;
				CLANG_WARN_COMMA = YES;
				CLANG_WARN_CONSTANT_CONVERSION = YES;
				CLANG_WARN_DEPRECATED_OBJC_IMPLEMENTATIONS = YES;
				CLANG_WARN_DIRECT_OBJC_ISA_USAGE = YES_ERROR;
				CLANG_WARN_DOCUMENTATION_COMMENTS = YES;
				CLANG_WARN_EMPTY_BODY = YES;
				CLANG_WARN_ENUM_CONVERSION = YES;
				CLANG_WARN_INFINITE_RECURSION = YES;
				CLANG_WARN_INT_CONVERSION = YES;
				CLANG_WARN_NON_LITERAL_NULL_CONVERSION = YES;
				CLANG_WARN_OBJC_IMPLICIT_RETAIN_SELF = YES;
				CLANG_WARN_OBJC_LITERAL_CONVERSION = YES;
				CLANG_WARN_OBJC_ROOT_CLASS = YES_ERROR;
				CLANG_WARN_QUOTED_INCLUDE_IN_FRAMEWORK_HEADER = YES;
				CLANG_WARN_RANGE_LOOP_ANALYSIS = YES;
				CLANG_WARN_STRICT_PROTOTYPES = YES;
				CLANG_WARN_SUSPICIOUS_MOVE = YES;
				CLANG_WARN_UNGUARDED_AVAILABILITY = YES_AGGRESSIVE;
				CLANG_WARN_UNREACHABLE_CODE = YES;
				CLANG_WARN__DUPLICATE_METHOD_MATCH = YES;
				COPY_PHASE_STRIP = NO;
				DEBUG_INFORMATION_FORMAT = "dwarf-with-dsym";
				ENABLE_NS_ASSERTIONS = NO;
				ENABLE_STRICT_OBJC_MSGSEND = YES;
				GCC_C_LANGUAGE_STANDARD = gnu11;
				GCC_NO_COMMON_BLOCKS = YES;
				GCC_WARN_64_TO_32_BIT_CONVERSION = YES;
				GCC_WARN_ABOUT_RETURN_TYPE = YES_ERROR;
				GCC_WARN_UNDECLARED_SELECTOR = YES;
				GCC_WARN_UNINITIALIZED_AUTOS = YES_AGGRESSIVE;
				GCC_WARN_UNUSED_FUNCTION = YES;
				GCC_WARN_UNUSED_VARIABLE = YES;
				IPHONEOS_DEPLOYMENT_TARGET = 14.0;
				MTL_ENABLE_DEBUG_INFO = NO;
				MTL_FAST_MATH = YES;
				SDKROOT = iphoneos;
				SWIFT_COMPILATION_MODE = wholemodule;
				SWIFT_OPTIMIZATION_LEVEL = "-O";
				VALIDATE_PRODUCT = YES;
			};
			name = Release;
		};
		475CDDD9287C4B96006E7879 /* Debug */ = {
			isa = XCBuildConfiguration;
			buildSettings = {
				ASSETCATALOG_COMPILER_APPICON_NAME = AppIcon;
				ASSETCATALOG_COMPILER_GLOBAL_ACCENT_COLOR_NAME = AccentColor;
				CODE_SIGN_STYLE = Automatic;
				CURRENT_PROJECT_VERSION = 1;
				DEVELOPMENT_TEAM = 7288C3T3B9;
				GENERATE_INFOPLIST_FILE = YES;
				INFOPLIST_FILE = NatifeTestTask/Resources/Info.plist;
				INFOPLIST_KEY_UIApplicationSupportsIndirectInputEvents = YES;
				INFOPLIST_KEY_UILaunchStoryboardName = LaunchScreen;
				INFOPLIST_KEY_UISupportedInterfaceOrientations = UIInterfaceOrientationPortrait;
				INFOPLIST_KEY_UISupportedInterfaceOrientations_iPad = "UIInterfaceOrientationPortrait UIInterfaceOrientationPortraitUpsideDown UIInterfaceOrientationLandscapeLeft UIInterfaceOrientationLandscapeRight";
				INFOPLIST_KEY_UISupportedInterfaceOrientations_iPhone = "UIInterfaceOrientationPortrait UIInterfaceOrientationLandscapeLeft UIInterfaceOrientationLandscapeRight";
				IPHONEOS_DEPLOYMENT_TARGET = 14.0;
				LD_RUNPATH_SEARCH_PATHS = (
					"$(inherited)",
					"@executable_path/Frameworks",
				);
				MARKETING_VERSION = 1.0;
				PRODUCT_BUNDLE_IDENTIFIER = bohdan.bondar.NatifeTestTask;
				PRODUCT_NAME = "$(TARGET_NAME)";
				SWIFT_EMIT_LOC_STRINGS = YES;
				SWIFT_VERSION = 5.0;
				TARGETED_DEVICE_FAMILY = 1;
			};
			name = Debug;
		};
		475CDDDA287C4B96006E7879 /* Release */ = {
			isa = XCBuildConfiguration;
			buildSettings = {
				ASSETCATALOG_COMPILER_APPICON_NAME = AppIcon;
				ASSETCATALOG_COMPILER_GLOBAL_ACCENT_COLOR_NAME = AccentColor;
				CODE_SIGN_STYLE = Automatic;
				CURRENT_PROJECT_VERSION = 1;
				DEVELOPMENT_TEAM = 7288C3T3B9;
				GENERATE_INFOPLIST_FILE = YES;
				INFOPLIST_FILE = NatifeTestTask/Resources/Info.plist;
				INFOPLIST_KEY_UIApplicationSupportsIndirectInputEvents = YES;
				INFOPLIST_KEY_UILaunchStoryboardName = LaunchScreen;
				INFOPLIST_KEY_UISupportedInterfaceOrientations = UIInterfaceOrientationPortrait;
				INFOPLIST_KEY_UISupportedInterfaceOrientations_iPad = "UIInterfaceOrientationPortrait UIInterfaceOrientationPortraitUpsideDown UIInterfaceOrientationLandscapeLeft UIInterfaceOrientationLandscapeRight";
				INFOPLIST_KEY_UISupportedInterfaceOrientations_iPhone = "UIInterfaceOrientationPortrait UIInterfaceOrientationLandscapeLeft UIInterfaceOrientationLandscapeRight";
				IPHONEOS_DEPLOYMENT_TARGET = 14.0;
				LD_RUNPATH_SEARCH_PATHS = (
					"$(inherited)",
					"@executable_path/Frameworks",
				);
				MARKETING_VERSION = 1.0;
				PRODUCT_BUNDLE_IDENTIFIER = bohdan.bondar.NatifeTestTask;
				PRODUCT_NAME = "$(TARGET_NAME)";
				SWIFT_EMIT_LOC_STRINGS = YES;
				SWIFT_VERSION = 5.0;
				TARGETED_DEVICE_FAMILY = 1;
			};
			name = Release;
		};
/* End XCBuildConfiguration section */

/* Begin XCConfigurationList section */
		475CDDBF287C4B95006E7879 /* Build configuration list for PBXProject "NatifeTestTask" */ = {
			isa = XCConfigurationList;
			buildConfigurations = (
				475CDDD6287C4B96006E7879 /* Debug */,
				475CDDD7287C4B96006E7879 /* Release */,
			);
			defaultConfigurationIsVisible = 0;
			defaultConfigurationName = Release;
		};
		475CDDD8287C4B96006E7879 /* Build configuration list for PBXNativeTarget "NatifeTestTask" */ = {
			isa = XCConfigurationList;
			buildConfigurations = (
				475CDDD9287C4B96006E7879 /* Debug */,
				475CDDDA287C4B96006E7879 /* Release */,
			);
			defaultConfigurationIsVisible = 0;
			defaultConfigurationName = Release;
		};
/* End XCConfigurationList section */
	};
	rootObject = 475CDDBC287C4B95006E7879 /* Project object */;
}
